
Microsoft Visual Studio Solution File, Format Version 12.00
# Visual Studio Version 16
VisualStudioVersion = 16.0.31515.178
MinimumVisualStudioVersion = 10.0.40219.1
Project("{FAE04EC0-301F-11D3-BF4B-00C04F79EFBC}") = "filconv", "filconv\filconv.csproj", "{6CC6ECA1-2150-48C6-BD6A-4CC05014AD46}"
EndProject
Project("{FAE04EC0-301F-11D3-BF4B-00C04F79EFBC}") = "FilLib", "FilLib\FilLib.csproj", "{FB0CF20F-2915-4BD1-9CA0-0B853738A04A}"
EndProject
Project("{FAE04EC0-301F-11D3-BF4B-00C04F79EFBC}") = "ImageLib", "ImageLib\ImageLib.csproj", "{D920C1B3-0F11-4021-9C7C-E36A3AE5C3DC}"
EndProject
Project("{FAE04EC0-301F-11D3-BF4B-00C04F79EFBC}") = "NDesk.Options", "NDesk.Options\NDesk.Options.csproj", "{7D7BCAAB-D66A-4E76-8DB3-9797E58F9944}"
EndProject
Project("{FAE04EC0-301F-11D3-BF4B-00C04F79EFBC}") = "FilConvWpf", "FilConvWpf\FilConvWpf.csproj", "{4707962D-EE99-4C50-AB11-2BFE9965A340}"
EndProject
Project("{FAE04EC0-301F-11D3-BF4B-00C04F79EFBC}") = "FilLib.Tests", "FilLib.Tests\FilLib.Tests.csproj", "{79B35196-1B78-4E6C-A815-A135E1682C93}"
EndProject
Global
	GlobalSection(SolutionConfigurationPlatforms) = preSolution
		Debug|Any CPU = Debug|Any CPU
		Release|Any CPU = Release|Any CPU
	EndGlobalSection
	GlobalSection(ProjectConfigurationPlatforms) = postSolution
		{6CC6ECA1-2150-48C6-BD6A-4CC05014AD46}.Debug|Any CPU.ActiveCfg = Debug|Any CPU
		{6CC6ECA1-2150-48C6-BD6A-4CC05014AD46}.Debug|Any CPU.Build.0 = Debug|Any CPU
		{6CC6ECA1-2150-48C6-BD6A-4CC05014AD46}.Release|Any CPU.ActiveCfg = Release|Any CPU
		{6CC6ECA1-2150-48C6-BD6A-4CC05014AD46}.Release|Any CPU.Build.0 = Release|Any CPU
		{FB0CF20F-2915-4BD1-9CA0-0B853738A04A}.Debug|Any CPU.ActiveCfg = Debug|Any CPU
		{FB0CF20F-2915-4BD1-9CA0-0B853738A04A}.Debug|Any CPU.Build.0 = Debug|Any CPU
		{FB0CF20F-2915-4BD1-9CA0-0B853738A04A}.Release|Any CPU.ActiveCfg = Release|Any CPU
		{FB0CF20F-2915-4BD1-9CA0-0B853738A04A}.Release|Any CPU.Build.0 = Release|Any CPU
		{D920C1B3-0F11-4021-9C7C-E36A3AE5C3DC}.Debug|Any CPU.ActiveCfg = Debug|Any CPU
		{D920C1B3-0F11-4021-9C7C-E36A3AE5C3DC}.Debug|Any CPU.Build.0 = Debug|Any CPU
		{D920C1B3-0F11-4021-9C7C-E36A3AE5C3DC}.Release|Any CPU.ActiveCfg = Release|Any CPU
		{D920C1B3-0F11-4021-9C7C-E36A3AE5C3DC}.Release|Any CPU.Build.0 = Release|Any CPU
		{7D7BCAAB-D66A-4E76-8DB3-9797E58F9944}.Debug|Any CPU.ActiveCfg = Debug|Any CPU
		{7D7BCAAB-D66A-4E76-8DB3-9797E58F9944}.Debug|Any CPU.Build.0 = Debug|Any CPU
		{7D7BCAAB-D66A-4E76-8DB3-9797E58F9944}.Release|Any CPU.ActiveCfg = Release|Any CPU
		{7D7BCAAB-D66A-4E76-8DB3-9797E58F9944}.Release|Any CPU.Build.0 = Release|Any CPU
		{4707962D-EE99-4C50-AB11-2BFE9965A340}.Debug|Any CPU.ActiveCfg = Debug|Any CPU
		{4707962D-EE99-4C50-AB11-2BFE9965A340}.Debug|Any CPU.Build.0 = Debug|Any CPU
		{4707962D-EE99-4C50-AB11-2BFE9965A340}.Release|Any CPU.ActiveCfg = Release|Any CPU
		{4707962D-EE99-4C50-AB11-2BFE9965A340}.Release|Any CPU.Build.0 = Release|Any CPU
		{79B35196-1B78-4E6C-A815-A135E1682C93}.Debug|Any CPU.ActiveCfg = Debug|Any CPU
		{79B35196-1B78-4E6C-A815-A135E1682C93}.Debug|Any CPU.Build.0 = Debug|Any CPU
		{79B35196-1B78-4E6C-A815-A135E1682C93}.Release|Any CPU.ActiveCfg = Release|Any CPU
		{79B35196-1B78-4E6C-A815-A135E1682C93}.Release|Any CPU.Build.0 = Release|Any CPU
	EndGlobalSection
	GlobalSection(SolutionProperties) = preSolution
		HideSolutionNode = FALSE
	EndGlobalSection
	GlobalSection(ExtensibilityGlobals) = postSolution
		SolutionGuid = {7894CA55-1DB3-4135-B699-D4BB609BCC84}
	EndGlobalSection
EndGlobal
